
Microsoft Visual Studio Solution File, Format Version 12.00
# Visual Studio Version 17
VisualStudioVersion = 17.5.002.0
MinimumVisualStudioVersion = 10.0.40219.1
Project("{9A19103F-16F7-4668-BE54-9A1E7A4F7556}") = "1184_AbaixoDaDiagonalPrincipal", "1184_AbaixoDaDiagonalPrincipal.csproj", "{57E5E5F4-4A6F-4C87-8E7D-DE6F30104CD9}"
EndProject
Global
	GlobalSection(SolutionConfigurationPlatforms) = preSolution
		Debug|Any CPU = Debug|Any CPU
		Release|Any CPU = Release|Any CPU
	EndGlobalSection
	GlobalSection(ProjectConfigurationPlatforms) = postSolution
		{57E5E5F4-4A6F-4C87-8E7D-DE6F30104CD9}.Debug|Any CPU.ActiveCfg = Debug|Any CPU
		{57E5E5F4-4A6F-4C87-8E7D-DE6F30104CD9}.Debug|Any CPU.Build.0 = Debug|Any CPU
		{57E5E5F4-4A6F-4C87-8E7D-DE6F30104CD9}.Release|Any CPU.ActiveCfg = Release|Any CPU
		{57E5E5F4-4A6F-4C87-8E7D-DE6F30104CD9}.Release|Any CPU.Build.0 = Release|Any CPU
	EndGlobalSection
	GlobalSection(SolutionProperties) = preSolution
		HideSolutionNode = FALSE
	EndGlobalSection
	GlobalSection(ExtensibilityGlobals) = postSolution
		SolutionGuid = {9F672665-29F8-4C41-B1AA-39771FF5AB34}
	EndGlobalSection
EndGlobal
