
Microsoft Visual Studio Solution File, Format Version 12.00
# Visual Studio Version 17
VisualStudioVersion = 17.5.002.0
MinimumVisualStudioVersion = 10.0.40219.1
Project("{9A19103F-16F7-4668-BE54-9A1E7A4F7556}") = "1864_NossosDiasNuncaVoltarao", "1864_NossosDiasNuncaVoltarao.csproj", "{8DE41F74-A34A-4415-BB38-359240699C0D}"
EndProject
Global
	GlobalSection(SolutionConfigurationPlatforms) = preSolution
		Debug|Any CPU = Debug|Any CPU
		Release|Any CPU = Release|Any CPU
	EndGlobalSection
	GlobalSection(ProjectConfigurationPlatforms) = postSolution
		{8DE41F74-A34A-4415-BB38-359240699C0D}.Debug|Any CPU.ActiveCfg = Debug|Any CPU
		{8DE41F74-A34A-4415-BB38-359240699C0D}.Debug|Any CPU.Build.0 = Debug|Any CPU
		{8DE41F74-A34A-4415-BB38-359240699C0D}.Release|Any CPU.ActiveCfg = Release|Any CPU
		{8DE41F74-A34A-4415-BB38-359240699C0D}.Release|Any CPU.Build.0 = Release|Any CPU
	EndGlobalSection
	GlobalSection(SolutionProperties) = preSolution
		HideSolutionNode = FALSE
	EndGlobalSection
	GlobalSection(ExtensibilityGlobals) = postSolution
		SolutionGuid = {6FDD3AB6-93EF-4C31-8105-6296003486EF}
	EndGlobalSection
EndGlobal
