
Microsoft Visual Studio Solution File, Format Version 12.00
# Visual Studio Version 17
VisualStudioVersion = 17.5.002.0
MinimumVisualStudioVersion = 10.0.40219.1
Project("{9A19103F-16F7-4668-BE54-9A1E7A4F7556}") = "1180_MenorEPosicao", "1180_MenorEPosicao.csproj", "{05EDEC63-C844-48D7-800B-6377B58F02B8}"
EndProject
Global
	GlobalSection(SolutionConfigurationPlatforms) = preSolution
		Debug|Any CPU = Debug|Any CPU
		Release|Any CPU = Release|Any CPU
	EndGlobalSection
	GlobalSection(ProjectConfigurationPlatforms) = postSolution
		{05EDEC63-C844-48D7-800B-6377B58F02B8}.Debug|Any CPU.ActiveCfg = Debug|Any CPU
		{05EDEC63-C844-48D7-800B-6377B58F02B8}.Debug|Any CPU.Build.0 = Debug|Any CPU
		{05EDEC63-C844-48D7-800B-6377B58F02B8}.Release|Any CPU.ActiveCfg = Release|Any CPU
		{05EDEC63-C844-48D7-800B-6377B58F02B8}.Release|Any CPU.Build.0 = Release|Any CPU
	EndGlobalSection
	GlobalSection(SolutionProperties) = preSolution
		HideSolutionNode = FALSE
	EndGlobalSection
	GlobalSection(ExtensibilityGlobals) = postSolution
		SolutionGuid = {ECC4F31B-50CA-4CCA-B0B1-236240382863}
	EndGlobalSection
EndGlobal
