
Microsoft Visual Studio Solution File, Format Version 12.00
# Visual Studio Version 17
VisualStudioVersion = 17.5.002.0
MinimumVisualStudioVersion = 10.0.40219.1
Project("{9A19103F-16F7-4668-BE54-9A1E7A4F7556}") = "1962_HaMuitoTempoAtras", "1962_HaMuitoTempoAtras.csproj", "{9333A51C-85A4-482F-9CC6-BBD2C1B5C5A0}"
EndProject
Global
	GlobalSection(SolutionConfigurationPlatforms) = preSolution
		Debug|Any CPU = Debug|Any CPU
		Release|Any CPU = Release|Any CPU
	EndGlobalSection
	GlobalSection(ProjectConfigurationPlatforms) = postSolution
		{9333A51C-85A4-482F-9CC6-BBD2C1B5C5A0}.Debug|Any CPU.ActiveCfg = Debug|Any CPU
		{9333A51C-85A4-482F-9CC6-BBD2C1B5C5A0}.Debug|Any CPU.Build.0 = Debug|Any CPU
		{9333A51C-85A4-482F-9CC6-BBD2C1B5C5A0}.Release|Any CPU.ActiveCfg = Release|Any CPU
		{9333A51C-85A4-482F-9CC6-BBD2C1B5C5A0}.Release|Any CPU.Build.0 = Release|Any CPU
	EndGlobalSection
	GlobalSection(SolutionProperties) = preSolution
		HideSolutionNode = FALSE
	EndGlobalSection
	GlobalSection(ExtensibilityGlobals) = postSolution
		SolutionGuid = {FF0791DD-1C1C-4AE2-9628-CD1C47030619}
	EndGlobalSection
EndGlobal
