
Microsoft Visual Studio Solution File, Format Version 12.00
# Visual Studio Version 17
VisualStudioVersion = 17.5.002.0
MinimumVisualStudioVersion = 10.0.40219.1
Project("{9A19103F-16F7-4668-BE54-9A1E7A4F7556}") = "1175_TrocaEmVetor1", "1175_TrocaEmVetor1.csproj", "{746C4D72-8C4B-477E-89B2-534E88CFF7EA}"
EndProject
Global
	GlobalSection(SolutionConfigurationPlatforms) = preSolution
		Debug|Any CPU = Debug|Any CPU
		Release|Any CPU = Release|Any CPU
	EndGlobalSection
	GlobalSection(ProjectConfigurationPlatforms) = postSolution
		{746C4D72-8C4B-477E-89B2-534E88CFF7EA}.Debug|Any CPU.ActiveCfg = Debug|Any CPU
		{746C4D72-8C4B-477E-89B2-534E88CFF7EA}.Debug|Any CPU.Build.0 = Debug|Any CPU
		{746C4D72-8C4B-477E-89B2-534E88CFF7EA}.Release|Any CPU.ActiveCfg = Release|Any CPU
		{746C4D72-8C4B-477E-89B2-534E88CFF7EA}.Release|Any CPU.Build.0 = Release|Any CPU
	EndGlobalSection
	GlobalSection(SolutionProperties) = preSolution
		HideSolutionNode = FALSE
	EndGlobalSection
	GlobalSection(ExtensibilityGlobals) = postSolution
		SolutionGuid = {C29CD4BD-CCA0-4A78-BEDD-EB6231295D70}
	EndGlobalSection
EndGlobal
