
Microsoft Visual Studio Solution File, Format Version 12.00
# Visual Studio Version 17
VisualStudioVersion = 17.5.002.0
MinimumVisualStudioVersion = 10.0.40219.1
Project("{9A19103F-16F7-4668-BE54-9A1E7A4F7556}") = "1006_Media02", "1006_Media02.csproj", "{7627DDDE-59B4-4F8F-9FA9-5A3D4610F6CB}"
EndProject
Global
	GlobalSection(SolutionConfigurationPlatforms) = preSolution
		Debug|Any CPU = Debug|Any CPU
		Release|Any CPU = Release|Any CPU
	EndGlobalSection
	GlobalSection(ProjectConfigurationPlatforms) = postSolution
		{7627DDDE-59B4-4F8F-9FA9-5A3D4610F6CB}.Debug|Any CPU.ActiveCfg = Debug|Any CPU
		{7627DDDE-59B4-4F8F-9FA9-5A3D4610F6CB}.Debug|Any CPU.Build.0 = Debug|Any CPU
		{7627DDDE-59B4-4F8F-9FA9-5A3D4610F6CB}.Release|Any CPU.ActiveCfg = Release|Any CPU
		{7627DDDE-59B4-4F8F-9FA9-5A3D4610F6CB}.Release|Any CPU.Build.0 = Release|Any CPU
	EndGlobalSection
	GlobalSection(SolutionProperties) = preSolution
		HideSolutionNode = FALSE
	EndGlobalSection
	GlobalSection(ExtensibilityGlobals) = postSolution
		SolutionGuid = {1645B2E1-60AB-4DBB-8E14-850BC84C25BE}
	EndGlobalSection
EndGlobal
