
Microsoft Visual Studio Solution File, Format Version 12.00
# Visual Studio Version 17
VisualStudioVersion = 17.0.31903.59
MinimumVisualStudioVersion = 10.0.40219.1
Project("{FAE04EC0-301F-11D3-BF4B-00C04F79EFBC}") = "31_Multiplos", "31_Multiplos.csproj", "{47DCDF80-2D53-4ABF-91EB-FD73951D7251}"
EndProject
Global
	GlobalSection(SolutionConfigurationPlatforms) = preSolution
		Debug|Any CPU = Debug|Any CPU
		Release|Any CPU = Release|Any CPU
	EndGlobalSection
	GlobalSection(SolutionProperties) = preSolution
		HideSolutionNode = FALSE
	EndGlobalSection
	GlobalSection(ProjectConfigurationPlatforms) = postSolution
		{47DCDF80-2D53-4ABF-91EB-FD73951D7251}.Debug|Any CPU.ActiveCfg = Debug|Any CPU
		{47DCDF80-2D53-4ABF-91EB-FD73951D7251}.Debug|Any CPU.Build.0 = Debug|Any CPU
		{47DCDF80-2D53-4ABF-91EB-FD73951D7251}.Release|Any CPU.ActiveCfg = Release|Any CPU
		{47DCDF80-2D53-4ABF-91EB-FD73951D7251}.Release|Any CPU.Build.0 = Release|Any CPU
	EndGlobalSection
EndGlobal
