
Microsoft Visual Studio Solution File, Format Version 12.00
# Visual Studio Version 17
VisualStudioVersion = 17.5.002.0
MinimumVisualStudioVersion = 10.0.40219.1
Project("{9A19103F-16F7-4668-BE54-9A1E7A4F7556}") = "1963_OFilme", "1963_OFilme.csproj", "{7544EAB8-9F01-4F3D-8E60-8BA402FBBF5F}"
EndProject
Global
	GlobalSection(SolutionConfigurationPlatforms) = preSolution
		Debug|Any CPU = Debug|Any CPU
		Release|Any CPU = Release|Any CPU
	EndGlobalSection
	GlobalSection(ProjectConfigurationPlatforms) = postSolution
		{7544EAB8-9F01-4F3D-8E60-8BA402FBBF5F}.Debug|Any CPU.ActiveCfg = Debug|Any CPU
		{7544EAB8-9F01-4F3D-8E60-8BA402FBBF5F}.Debug|Any CPU.Build.0 = Debug|Any CPU
		{7544EAB8-9F01-4F3D-8E60-8BA402FBBF5F}.Release|Any CPU.ActiveCfg = Release|Any CPU
		{7544EAB8-9F01-4F3D-8E60-8BA402FBBF5F}.Release|Any CPU.Build.0 = Release|Any CPU
	EndGlobalSection
	GlobalSection(SolutionProperties) = preSolution
		HideSolutionNode = FALSE
	EndGlobalSection
	GlobalSection(ExtensibilityGlobals) = postSolution
		SolutionGuid = {9F16DB48-F920-4A02-A63D-C50412DAA176}
	EndGlobalSection
EndGlobal
