
Microsoft Visual Studio Solution File, Format Version 12.00
# Visual Studio Version 17
VisualStudioVersion = 17.5.002.0
MinimumVisualStudioVersion = 10.0.40219.1
Project("{9A19103F-16F7-4668-BE54-9A1E7A4F7556}") = "1097_SequenciaIJ3", "1097_SequenciaIJ3.csproj", "{31ECB95E-A23E-4D21-93CF-3BFDE84333CD}"
EndProject
Global
	GlobalSection(SolutionConfigurationPlatforms) = preSolution
		Debug|Any CPU = Debug|Any CPU
		Release|Any CPU = Release|Any CPU
	EndGlobalSection
	GlobalSection(ProjectConfigurationPlatforms) = postSolution
		{31ECB95E-A23E-4D21-93CF-3BFDE84333CD}.Debug|Any CPU.ActiveCfg = Debug|Any CPU
		{31ECB95E-A23E-4D21-93CF-3BFDE84333CD}.Debug|Any CPU.Build.0 = Debug|Any CPU
		{31ECB95E-A23E-4D21-93CF-3BFDE84333CD}.Release|Any CPU.ActiveCfg = Release|Any CPU
		{31ECB95E-A23E-4D21-93CF-3BFDE84333CD}.Release|Any CPU.Build.0 = Release|Any CPU
	EndGlobalSection
	GlobalSection(SolutionProperties) = preSolution
		HideSolutionNode = FALSE
	EndGlobalSection
	GlobalSection(ExtensibilityGlobals) = postSolution
		SolutionGuid = {D4017E0A-C048-403D-B67E-E9F8F21D4F50}
	EndGlobalSection
EndGlobal
