
Microsoft Visual Studio Solution File, Format Version 12.00
# Visual Studio Version 17
VisualStudioVersion = 17.5.002.0
MinimumVisualStudioVersion = 10.0.40219.1
Project("{9A19103F-16F7-4668-BE54-9A1E7A4F7556}") = "1131_Grenais", "1131_Grenais.csproj", "{DCA4A204-085D-4FD4-8E3E-2BB1DE34643A}"
EndProject
Global
	GlobalSection(SolutionConfigurationPlatforms) = preSolution
		Debug|Any CPU = Debug|Any CPU
		Release|Any CPU = Release|Any CPU
	EndGlobalSection
	GlobalSection(ProjectConfigurationPlatforms) = postSolution
		{DCA4A204-085D-4FD4-8E3E-2BB1DE34643A}.Debug|Any CPU.ActiveCfg = Debug|Any CPU
		{DCA4A204-085D-4FD4-8E3E-2BB1DE34643A}.Debug|Any CPU.Build.0 = Debug|Any CPU
		{DCA4A204-085D-4FD4-8E3E-2BB1DE34643A}.Release|Any CPU.ActiveCfg = Release|Any CPU
		{DCA4A204-085D-4FD4-8E3E-2BB1DE34643A}.Release|Any CPU.Build.0 = Release|Any CPU
	EndGlobalSection
	GlobalSection(SolutionProperties) = preSolution
		HideSolutionNode = FALSE
	EndGlobalSection
	GlobalSection(ExtensibilityGlobals) = postSolution
		SolutionGuid = {94CE4BAD-01ED-456C-83F4-F53F75BCD626}
	EndGlobalSection
EndGlobal
