
Microsoft Visual Studio Solution File, Format Version 12.00
# Visual Studio Version 17
VisualStudioVersion = 17.5.002.0
MinimumVisualStudioVersion = 10.0.40219.1
Project("{9A19103F-16F7-4668-BE54-9A1E7A4F7556}") = "13_AreaTriangulo", "13_AreaTriangulo.csproj", "{AB5C59FD-0718-4042-9300-1FD36BBCDE6C}"
EndProject
Global
	GlobalSection(SolutionConfigurationPlatforms) = preSolution
		Debug|Any CPU = Debug|Any CPU
		Release|Any CPU = Release|Any CPU
	EndGlobalSection
	GlobalSection(ProjectConfigurationPlatforms) = postSolution
		{AB5C59FD-0718-4042-9300-1FD36BBCDE6C}.Debug|Any CPU.ActiveCfg = Debug|Any CPU
		{AB5C59FD-0718-4042-9300-1FD36BBCDE6C}.Debug|Any CPU.Build.0 = Debug|Any CPU
		{AB5C59FD-0718-4042-9300-1FD36BBCDE6C}.Release|Any CPU.ActiveCfg = Release|Any CPU
		{AB5C59FD-0718-4042-9300-1FD36BBCDE6C}.Release|Any CPU.Build.0 = Release|Any CPU
	EndGlobalSection
	GlobalSection(SolutionProperties) = preSolution
		HideSolutionNode = FALSE
	EndGlobalSection
	GlobalSection(ExtensibilityGlobals) = postSolution
		SolutionGuid = {14198ADB-7556-4A1F-BFDE-A28558F820B9}
	EndGlobalSection
EndGlobal
