
Microsoft Visual Studio Solution File, Format Version 12.00
# Visual Studio Version 17
VisualStudioVersion = 17.5.002.0
MinimumVisualStudioVersion = 10.0.40219.1
Project("{9A19103F-16F7-4668-BE54-9A1E7A4F7556}") = "1866_Conta", "1866_Conta.csproj", "{C7183C92-88D5-4586-8A2B-99E87E65DA15}"
EndProject
Global
	GlobalSection(SolutionConfigurationPlatforms) = preSolution
		Debug|Any CPU = Debug|Any CPU
		Release|Any CPU = Release|Any CPU
	EndGlobalSection
	GlobalSection(ProjectConfigurationPlatforms) = postSolution
		{C7183C92-88D5-4586-8A2B-99E87E65DA15}.Debug|Any CPU.ActiveCfg = Debug|Any CPU
		{C7183C92-88D5-4586-8A2B-99E87E65DA15}.Debug|Any CPU.Build.0 = Debug|Any CPU
		{C7183C92-88D5-4586-8A2B-99E87E65DA15}.Release|Any CPU.ActiveCfg = Release|Any CPU
		{C7183C92-88D5-4586-8A2B-99E87E65DA15}.Release|Any CPU.Build.0 = Release|Any CPU
	EndGlobalSection
	GlobalSection(SolutionProperties) = preSolution
		HideSolutionNode = FALSE
	EndGlobalSection
	GlobalSection(ExtensibilityGlobals) = postSolution
		SolutionGuid = {0F05E7C7-22D7-43E2-8DAC-D0A9945746E2}
	EndGlobalSection
EndGlobal
