
Microsoft Visual Studio Solution File, Format Version 12.00
# Visual Studio Version 17
VisualStudioVersion = 17.5.002.0
MinimumVisualStudioVersion = 10.0.40219.1
Project("{9A19103F-16F7-4668-BE54-9A1E7A4F7556}") = "45_ParesImparesPositivosNegativos", "45_ParesImparesPositivosNegativos.csproj", "{AEC85CC5-B456-4168-BDD6-0A77A5CF7973}"
EndProject
Global
	GlobalSection(SolutionConfigurationPlatforms) = preSolution
		Debug|Any CPU = Debug|Any CPU
		Release|Any CPU = Release|Any CPU
	EndGlobalSection
	GlobalSection(ProjectConfigurationPlatforms) = postSolution
		{AEC85CC5-B456-4168-BDD6-0A77A5CF7973}.Debug|Any CPU.ActiveCfg = Debug|Any CPU
		{AEC85CC5-B456-4168-BDD6-0A77A5CF7973}.Debug|Any CPU.Build.0 = Debug|Any CPU
		{AEC85CC5-B456-4168-BDD6-0A77A5CF7973}.Release|Any CPU.ActiveCfg = Release|Any CPU
		{AEC85CC5-B456-4168-BDD6-0A77A5CF7973}.Release|Any CPU.Build.0 = Release|Any CPU
	EndGlobalSection
	GlobalSection(SolutionProperties) = preSolution
		HideSolutionNode = FALSE
	EndGlobalSection
	GlobalSection(ExtensibilityGlobals) = postSolution
		SolutionGuid = {2E20023A-8C79-490F-BF60-2F3AA1FB6659}
	EndGlobalSection
EndGlobal
