
Microsoft Visual Studio Solution File, Format Version 12.00
# Visual Studio Version 17
VisualStudioVersion = 17.5.002.0
MinimumVisualStudioVersion = 10.0.40219.1
Project("{9A19103F-16F7-4668-BE54-9A1E7A4F7556}") = "1827_MatrizQuadrada4", "1827_MatrizQuadrada4.csproj", "{019BB92F-D0F4-441D-8942-1A6761A016D3}"
EndProject
Global
	GlobalSection(SolutionConfigurationPlatforms) = preSolution
		Debug|Any CPU = Debug|Any CPU
		Release|Any CPU = Release|Any CPU
	EndGlobalSection
	GlobalSection(ProjectConfigurationPlatforms) = postSolution
		{019BB92F-D0F4-441D-8942-1A6761A016D3}.Debug|Any CPU.ActiveCfg = Debug|Any CPU
		{019BB92F-D0F4-441D-8942-1A6761A016D3}.Debug|Any CPU.Build.0 = Debug|Any CPU
		{019BB92F-D0F4-441D-8942-1A6761A016D3}.Release|Any CPU.ActiveCfg = Release|Any CPU
		{019BB92F-D0F4-441D-8942-1A6761A016D3}.Release|Any CPU.Build.0 = Release|Any CPU
	EndGlobalSection
	GlobalSection(SolutionProperties) = preSolution
		HideSolutionNode = FALSE
	EndGlobalSection
	GlobalSection(ExtensibilityGlobals) = postSolution
		SolutionGuid = {06AFAA3E-AFD5-4E01-BC7F-A63624053359}
	EndGlobalSection
EndGlobal
