
Microsoft Visual Studio Solution File, Format Version 12.00
# Visual Studio Version 17
VisualStudioVersion = 17.5.002.0
MinimumVisualStudioVersion = 10.0.40219.1
Project("{9A19103F-16F7-4668-BE54-9A1E7A4F7556}") = "1159_SomaParesConsecutivos", "1159_SomaParesConsecutivos.csproj", "{6BEDE704-0AD7-4349-B2E5-F61C4226BAFD}"
EndProject
Global
	GlobalSection(SolutionConfigurationPlatforms) = preSolution
		Debug|Any CPU = Debug|Any CPU
		Release|Any CPU = Release|Any CPU
	EndGlobalSection
	GlobalSection(ProjectConfigurationPlatforms) = postSolution
		{6BEDE704-0AD7-4349-B2E5-F61C4226BAFD}.Debug|Any CPU.ActiveCfg = Debug|Any CPU
		{6BEDE704-0AD7-4349-B2E5-F61C4226BAFD}.Debug|Any CPU.Build.0 = Debug|Any CPU
		{6BEDE704-0AD7-4349-B2E5-F61C4226BAFD}.Release|Any CPU.ActiveCfg = Release|Any CPU
		{6BEDE704-0AD7-4349-B2E5-F61C4226BAFD}.Release|Any CPU.Build.0 = Release|Any CPU
	EndGlobalSection
	GlobalSection(SolutionProperties) = preSolution
		HideSolutionNode = FALSE
	EndGlobalSection
	GlobalSection(ExtensibilityGlobals) = postSolution
		SolutionGuid = {947D2D00-0264-4CDD-87A6-8CFB846E3AF0}
	EndGlobalSection
EndGlobal
