
Microsoft Visual Studio Solution File, Format Version 12.00
# Visual Studio Version 17
VisualStudioVersion = 17.5.002.0
MinimumVisualStudioVersion = 10.0.40219.1
Project("{9A19103F-16F7-4668-BE54-9A1E7A4F7556}") = "1914_DeQuemEAVez", "1914_DeQuemEAVez.csproj", "{E5BBBBDA-F2A3-4203-BDA9-22011326A39D}"
EndProject
Global
	GlobalSection(SolutionConfigurationPlatforms) = preSolution
		Debug|Any CPU = Debug|Any CPU
		Release|Any CPU = Release|Any CPU
	EndGlobalSection
	GlobalSection(ProjectConfigurationPlatforms) = postSolution
		{E5BBBBDA-F2A3-4203-BDA9-22011326A39D}.Debug|Any CPU.ActiveCfg = Debug|Any CPU
		{E5BBBBDA-F2A3-4203-BDA9-22011326A39D}.Debug|Any CPU.Build.0 = Debug|Any CPU
		{E5BBBBDA-F2A3-4203-BDA9-22011326A39D}.Release|Any CPU.ActiveCfg = Release|Any CPU
		{E5BBBBDA-F2A3-4203-BDA9-22011326A39D}.Release|Any CPU.Build.0 = Release|Any CPU
	EndGlobalSection
	GlobalSection(SolutionProperties) = preSolution
		HideSolutionNode = FALSE
	EndGlobalSection
	GlobalSection(ExtensibilityGlobals) = postSolution
		SolutionGuid = {A660C7A3-6C28-4C61-9B3F-8D4B66EE78C3}
	EndGlobalSection
EndGlobal
