
Microsoft Visual Studio Solution File, Format Version 12.00
# Visual Studio Version 17
VisualStudioVersion = 17.5.002.0
MinimumVisualStudioVersion = 10.0.40219.1
Project("{9A19103F-16F7-4668-BE54-9A1E7A4F7556}") = "15_Consumo", "15_Consumo.csproj", "{E8F8FC79-B42A-46F9-9D93-5C5724101C21}"
EndProject
Global
	GlobalSection(SolutionConfigurationPlatforms) = preSolution
		Debug|Any CPU = Debug|Any CPU
		Release|Any CPU = Release|Any CPU
	EndGlobalSection
	GlobalSection(ProjectConfigurationPlatforms) = postSolution
		{E8F8FC79-B42A-46F9-9D93-5C5724101C21}.Debug|Any CPU.ActiveCfg = Debug|Any CPU
		{E8F8FC79-B42A-46F9-9D93-5C5724101C21}.Debug|Any CPU.Build.0 = Debug|Any CPU
		{E8F8FC79-B42A-46F9-9D93-5C5724101C21}.Release|Any CPU.ActiveCfg = Release|Any CPU
		{E8F8FC79-B42A-46F9-9D93-5C5724101C21}.Release|Any CPU.Build.0 = Release|Any CPU
	EndGlobalSection
	GlobalSection(SolutionProperties) = preSolution
		HideSolutionNode = FALSE
	EndGlobalSection
	GlobalSection(ExtensibilityGlobals) = postSolution
		SolutionGuid = {5CA46F97-DD1E-49EB-921A-14B51BFA859E}
	EndGlobalSection
EndGlobal
