
Microsoft Visual Studio Solution File, Format Version 12.00
# Visual Studio Version 17
VisualStudioVersion = 17.5.002.0
MinimumVisualStudioVersion = 10.0.40219.1
Project("{9A19103F-16F7-4668-BE54-9A1E7A4F7556}") = "1098_SequenciaIJ4", "1098_SequenciaIJ4.csproj", "{DDF3A25E-6705-44D2-B93C-97DC0488E930}"
EndProject
Global
	GlobalSection(SolutionConfigurationPlatforms) = preSolution
		Debug|Any CPU = Debug|Any CPU
		Release|Any CPU = Release|Any CPU
	EndGlobalSection
	GlobalSection(ProjectConfigurationPlatforms) = postSolution
		{DDF3A25E-6705-44D2-B93C-97DC0488E930}.Debug|Any CPU.ActiveCfg = Debug|Any CPU
		{DDF3A25E-6705-44D2-B93C-97DC0488E930}.Debug|Any CPU.Build.0 = Debug|Any CPU
		{DDF3A25E-6705-44D2-B93C-97DC0488E930}.Release|Any CPU.ActiveCfg = Release|Any CPU
		{DDF3A25E-6705-44D2-B93C-97DC0488E930}.Release|Any CPU.Build.0 = Release|Any CPU
	EndGlobalSection
	GlobalSection(SolutionProperties) = preSolution
		HideSolutionNode = FALSE
	EndGlobalSection
	GlobalSection(ExtensibilityGlobals) = postSolution
		SolutionGuid = {DFF696CA-10D6-4EB5-BB3A-87107C63E997}
	EndGlobalSection
EndGlobal
