
Microsoft Visual Studio Solution File, Format Version 12.00
# Visual Studio Version 17
VisualStudioVersion = 17.5.002.0
MinimumVisualStudioVersion = 10.0.40219.1
Project("{9A19103F-16F7-4668-BE54-9A1E7A4F7556}") = "1848_CorvoContador", "1848_CorvoContador.csproj", "{0DB830EC-4E29-49F9-AD9E-9FF2E3D63C23}"
EndProject
Global
	GlobalSection(SolutionConfigurationPlatforms) = preSolution
		Debug|Any CPU = Debug|Any CPU
		Release|Any CPU = Release|Any CPU
	EndGlobalSection
	GlobalSection(ProjectConfigurationPlatforms) = postSolution
		{0DB830EC-4E29-49F9-AD9E-9FF2E3D63C23}.Debug|Any CPU.ActiveCfg = Debug|Any CPU
		{0DB830EC-4E29-49F9-AD9E-9FF2E3D63C23}.Debug|Any CPU.Build.0 = Debug|Any CPU
		{0DB830EC-4E29-49F9-AD9E-9FF2E3D63C23}.Release|Any CPU.ActiveCfg = Release|Any CPU
		{0DB830EC-4E29-49F9-AD9E-9FF2E3D63C23}.Release|Any CPU.Build.0 = Release|Any CPU
	EndGlobalSection
	GlobalSection(SolutionProperties) = preSolution
		HideSolutionNode = FALSE
	EndGlobalSection
	GlobalSection(ExtensibilityGlobals) = postSolution
		SolutionGuid = {19A0FD9B-3648-466B-8123-C148B42CDAAD}
	EndGlobalSection
EndGlobal
