
Microsoft Visual Studio Solution File, Format Version 12.00
# Visual Studio Version 17
VisualStudioVersion = 17.5.002.0
MinimumVisualStudioVersion = 10.0.40219.1
Project("{9A19103F-16F7-4668-BE54-9A1E7A4F7556}") = "1957_ConverterParaHexadecimal", "1957_ConverterParaHexadecimal.csproj", "{5748A2FA-1B7C-439C-B4C6-BEC10C293B56}"
EndProject
Global
	GlobalSection(SolutionConfigurationPlatforms) = preSolution
		Debug|Any CPU = Debug|Any CPU
		Release|Any CPU = Release|Any CPU
	EndGlobalSection
	GlobalSection(ProjectConfigurationPlatforms) = postSolution
		{5748A2FA-1B7C-439C-B4C6-BEC10C293B56}.Debug|Any CPU.ActiveCfg = Debug|Any CPU
		{5748A2FA-1B7C-439C-B4C6-BEC10C293B56}.Debug|Any CPU.Build.0 = Debug|Any CPU
		{5748A2FA-1B7C-439C-B4C6-BEC10C293B56}.Release|Any CPU.ActiveCfg = Release|Any CPU
		{5748A2FA-1B7C-439C-B4C6-BEC10C293B56}.Release|Any CPU.Build.0 = Release|Any CPU
	EndGlobalSection
	GlobalSection(SolutionProperties) = preSolution
		HideSolutionNode = FALSE
	EndGlobalSection
	GlobalSection(ExtensibilityGlobals) = postSolution
		SolutionGuid = {B6243985-7E9D-4C4B-A911-E7A2F3AF0DCF}
	EndGlobalSection
EndGlobal
