
Microsoft Visual Studio Solution File, Format Version 12.00
# Visual Studio Version 17
VisualStudioVersion = 17.5.002.0
MinimumVisualStudioVersion = 10.0.40219.1
Project("{9A19103F-16F7-4668-BE54-9A1E7A4F7556}") = "1118_VariasNotasComValidacao", "1118_VariasNotasComValidacao.csproj", "{B3A5385C-257D-45C4-85E9-243E1FAC1163}"
EndProject
Global
	GlobalSection(SolutionConfigurationPlatforms) = preSolution
		Debug|Any CPU = Debug|Any CPU
		Release|Any CPU = Release|Any CPU
	EndGlobalSection
	GlobalSection(ProjectConfigurationPlatforms) = postSolution
		{B3A5385C-257D-45C4-85E9-243E1FAC1163}.Debug|Any CPU.ActiveCfg = Debug|Any CPU
		{B3A5385C-257D-45C4-85E9-243E1FAC1163}.Debug|Any CPU.Build.0 = Debug|Any CPU
		{B3A5385C-257D-45C4-85E9-243E1FAC1163}.Release|Any CPU.ActiveCfg = Release|Any CPU
		{B3A5385C-257D-45C4-85E9-243E1FAC1163}.Release|Any CPU.Build.0 = Release|Any CPU
	EndGlobalSection
	GlobalSection(SolutionProperties) = preSolution
		HideSolutionNode = FALSE
	EndGlobalSection
	GlobalSection(ExtensibilityGlobals) = postSolution
		SolutionGuid = {874873F9-8DAE-4620-9EFC-3E3E8E6BC71A}
	EndGlobalSection
EndGlobal
